// !$*UTF8*$!
{
	archiveVersion = 1;
	classes = {
	};
	objectVersion = 50;
	objects = {

/* Begin PBXBuildFile section */
		2667EF3823241CED00C4C542 /* L11VC.swift in Sources */ = {isa = PBXBuildFile; fileRef = 2667EF3723241CED00C4C542 /* L11VC.swift */; };
		2667EF3A23241D0500C4C542 /* L12VC.swift in Sources */ = {isa = PBXBuildFile; fileRef = 2667EF3923241D0500C4C542 /* L12VC.swift */; };
		2667EF3C23241D1400C4C542 /* L13VC.swift in Sources */ = {isa = PBXBuildFile; fileRef = 2667EF3B23241D1400C4C542 /* L13VC.swift */; };
		2667EF3E23241DC800C4C542 /* L13HintVC.swift in Sources */ = {isa = PBXBuildFile; fileRef = 2667EF3D23241DC800C4C542 /* L13HintVC.swift */; };
		2672EEEF2321372200CC8C46 /* ruzgar.wav in Resources */ = {isa = PBXBuildFile; fileRef = 2672EEE82321371F00CC8C46 /* ruzgar.wav */; };
		2672EEF02321372200CC8C46 /* success.wav in Resources */ = {isa = PBXBuildFile; fileRef = 2672EEE92321371F00CC8C46 /* success.wav */; };
		2672EEF12321372200CC8C46 /* L40.mp3 in Resources */ = {isa = PBXBuildFile; fileRef = 2672EEEA2321371F00CC8C46 /* L40.mp3 */; };
		2672EEF22321372200CC8C46 /* haunted.wav in Resources */ = {isa = PBXBuildFile; fileRef = 2672EEEB2321372000CC8C46 /* haunted.wav */; };
		2672EEF32321372200CC8C46 /* L17.mp3 in Resources */ = {isa = PBXBuildFile; fileRef = 2672EEEC2321372100CC8C46 /* L17.mp3 */; };
		2672EEF42321372200CC8C46 /* l27.wav in Resources */ = {isa = PBXBuildFile; fileRef = 2672EEED2321372100CC8C46 /* l27.wav */; };
		2672EEF52321372200CC8C46 /* error.wav in Resources */ = {isa = PBXBuildFile; fileRef = 2672EEEE2321372100CC8C46 /* error.wav */; };
		26954A252324AD020011006F /* Suphe_UfukUITests.swift in Sources */ = {isa = PBXBuildFile; fileRef = 26954A242324AD020011006F /* Suphe_UfukUITests.swift */; };
		26B1EC2A2304748A005824F6 /* AppDelegate.swift in Sources */ = {isa = PBXBuildFile; fileRef = 26B1EC292304748A005824F6 /* AppDelegate.swift */; };
		26B1EC2C2304748A005824F6 /* SceneDelegate.swift in Sources */ = {isa = PBXBuildFile; fileRef = 26B1EC2B2304748A005824F6 /* SceneDelegate.swift */; };
		26B1EC312304748A005824F6 /* Main.storyboard in Resources */ = {isa = PBXBuildFile; fileRef = 26B1EC2F2304748A005824F6 /* Main.storyboard */; };
		26B1EC332304748E005824F6 /* Assets.xcassets in Resources */ = {isa = PBXBuildFile; fileRef = 26B1EC322304748E005824F6 /* Assets.xcassets */; };
		26B1EC362304748E005824F6 /* LaunchScreen.storyboard in Resources */ = {isa = PBXBuildFile; fileRef = 26B1EC342304748E005824F6 /* LaunchScreen.storyboard */; };
		26B1EC4023047510005824F6 /* Classes.swift in Sources */ = {isa = PBXBuildFile; fileRef = 26B1EC3F23047510005824F6 /* Classes.swift */; };
		26B958EB230709A20005D793 /* L8VC.swift in Sources */ = {isa = PBXBuildFile; fileRef = 26B958EA230709A10005D793 /* L8VC.swift */; };
		26B958EE230709AE0005D793 /* L9VC.swift in Sources */ = {isa = PBXBuildFile; fileRef = 26B958EC230709AD0005D793 /* L9VC.swift */; };
		26B958EF230709AE0005D793 /* L9HintVC.swift in Sources */ = {isa = PBXBuildFile; fileRef = 26B958ED230709AE0005D793 /* L9HintVC.swift */; };
		26B958F1230709B90005D793 /* L10VC.swift in Sources */ = {isa = PBXBuildFile; fileRef = 26B958F0230709B90005D793 /* L10VC.swift */; };
		26E511332306F50900944F41 /* L4_1VC.swift in Sources */ = {isa = PBXBuildFile; fileRef = 26E511292306F50900944F41 /* L4_1VC.swift */; };
		26E511342306F50900944F41 /* L6VC.swift in Sources */ = {isa = PBXBuildFile; fileRef = 26E5112A2306F50900944F41 /* L6VC.swift */; };
		26E511352306F50900944F41 /* L1VC.swift in Sources */ = {isa = PBXBuildFile; fileRef = 26E5112B2306F50900944F41 /* L1VC.swift */; };
		26E511362306F50900944F41 /* L1HintVC.swift in Sources */ = {isa = PBXBuildFile; fileRef = 26E5112C2306F50900944F41 /* L1HintVC.swift */; };
		26E511372306F50900944F41 /* L2VC.swift in Sources */ = {isa = PBXBuildFile; fileRef = 26E5112D2306F50900944F41 /* L2VC.swift */; };
		26E511382306F50900944F41 /* L5VC.swift in Sources */ = {isa = PBXBuildFile; fileRef = 26E5112E2306F50900944F41 /* L5VC.swift */; };
		26E511392306F50900944F41 /* L3VC.swift in Sources */ = {isa = PBXBuildFile; fileRef = 26E5112F2306F50900944F41 /* L3VC.swift */; };
		26E5113B2306F50900944F41 /* L4VC.swift in Sources */ = {isa = PBXBuildFile; fileRef = 26E511312306F50900944F41 /* L4VC.swift */; };
		26E5113C2306F50900944F41 /* L6HintVC.swift in Sources */ = {isa = PBXBuildFile; fileRef = 26E511322306F50900944F41 /* L6HintVC.swift */; };
		26E80F542308477700C7F874 /* L7VC.swift in Sources */ = {isa = PBXBuildFile; fileRef = 26E80F532308477700C7F874 /* L7VC.swift */; };
		26E80F562308502300C7F874 /* ViewController.swift in Sources */ = {isa = PBXBuildFile; fileRef = 26E80F552308502300C7F874 /* ViewController.swift */; };
/* End PBXBuildFile section */

/* Begin PBXContainerItemProxy section */
		26954A272324AD020011006F /* PBXContainerItemProxy */ = {
			isa = PBXContainerItemProxy;
			containerPortal = 26B1EC1E2304748A005824F6 /* Project object */;
			proxyType = 1;
			remoteGlobalIDString = 26B1EC252304748A005824F6;
			remoteInfo = "Suphe Ufuk";
		};
/* End PBXContainerItemProxy section */

/* Begin PBXFileReference section */
		2667EF3723241CED00C4C542 /* L11VC.swift */ = {isa = PBXFileReference; lastKnownFileType = sourcecode.swift; path = L11VC.swift; sourceTree = "<group>"; };
		2667EF3923241D0500C4C542 /* L12VC.swift */ = {isa = PBXFileReference; lastKnownFileType = sourcecode.swift; path = L12VC.swift; sourceTree = "<group>"; };
		2667EF3B23241D1400C4C542 /* L13VC.swift */ = {isa = PBXFileReference; lastKnownFileType = sourcecode.swift; path = L13VC.swift; sourceTree = "<group>"; };
		2667EF3D23241DC800C4C542 /* L13HintVC.swift */ = {isa = PBXFileReference; lastKnownFileType = sourcecode.swift; path = L13HintVC.swift; sourceTree = "<group>"; };
		2672EEE82321371F00CC8C46 /* ruzgar.wav */ = {isa = PBXFileReference; lastKnownFileType = audio.wav; path = ruzgar.wav; sourceTree = "<group>"; };
		2672EEE92321371F00CC8C46 /* success.wav */ = {isa = PBXFileReference; lastKnownFileType = audio.wav; path = success.wav; sourceTree = "<group>"; };
		2672EEEA2321371F00CC8C46 /* L40.mp3 */ = {isa = PBXFileReference; lastKnownFileType = audio.mp3; path = L40.mp3; sourceTree = "<group>"; };
		2672EEEB2321372000CC8C46 /* haunted.wav */ = {isa = PBXFileReference; lastKnownFileType = audio.wav; path = haunted.wav; sourceTree = "<group>"; };
		2672EEEC2321372100CC8C46 /* L17.mp3 */ = {isa = PBXFileReference; lastKnownFileType = audio.mp3; path = L17.mp3; sourceTree = "<group>"; };
		2672EEED2321372100CC8C46 /* l27.wav */ = {isa = PBXFileReference; lastKnownFileType = audio.wav; path = l27.wav; sourceTree = "<group>"; };
		2672EEEE2321372100CC8C46 /* error.wav */ = {isa = PBXFileReference; lastKnownFileType = audio.wav; path = error.wav; sourceTree = "<group>"; };
		26954A222324AD020011006F /* Suphe UfukUITests.xctest */ = {isa = PBXFileReference; explicitFileType = wrapper.cfbundle; includeInIndex = 0; path = "Suphe UfukUITests.xctest"; sourceTree = BUILT_PRODUCTS_DIR; };
		26954A242324AD020011006F /* Suphe_UfukUITests.swift */ = {isa = PBXFileReference; lastKnownFileType = sourcecode.swift; path = Suphe_UfukUITests.swift; sourceTree = "<group>"; };
		26954A262324AD020011006F /* Info.plist */ = {isa = PBXFileReference; lastKnownFileType = text.plist.xml; path = Info.plist; sourceTree = "<group>"; };
		26B1EC262304748A005824F6 /* Şuphe.app */ = {isa = PBXFileReference; explicitFileType = wrapper.application; includeInIndex = 0; path = "Şuphe.app"; sourceTree = BUILT_PRODUCTS_DIR; };
		26B1EC292304748A005824F6 /* AppDelegate.swift */ = {isa = PBXFileReference; lastKnownFileType = sourcecode.swift; path = AppDelegate.swift; sourceTree = "<group>"; };
		26B1EC2B2304748A005824F6 /* SceneDelegate.swift */ = {isa = PBXFileReference; lastKnownFileType = sourcecode.swift; path = SceneDelegate.swift; sourceTree = "<group>"; };
		26B1EC302304748A005824F6 /* Base */ = {isa = PBXFileReference; lastKnownFileType = file.storyboard; name = Base; path = Base.lproj/Main.storyboard; sourceTree = "<group>"; };
		26B1EC322304748E005824F6 /* Assets.xcassets */ = {isa = PBXFileReference; lastKnownFileType = folder.assetcatalog; path = Assets.xcassets; sourceTree = "<group>"; };
		26B1EC352304748E005824F6 /* Base */ = {isa = PBXFileReference; lastKnownFileType = file.storyboard; name = Base; path = Base.lproj/LaunchScreen.storyboard; sourceTree = "<group>"; };
		26B1EC372304748E005824F6 /* Info.plist */ = {isa = PBXFileReference; lastKnownFileType = text.plist.xml; path = Info.plist; sourceTree = "<group>"; };
		26B1EC3F23047510005824F6 /* Classes.swift */ = {isa = PBXFileReference; fileEncoding = 4; lastKnownFileType = sourcecode.swift; path = Classes.swift; sourceTree = "<group>"; };
		26B958EA230709A10005D793 /* L8VC.swift */ = {isa = PBXFileReference; fileEncoding = 4; lastKnownFileType = sourcecode.swift; path = L8VC.swift; sourceTree = "<group>"; };
		26B958EC230709AD0005D793 /* L9VC.swift */ = {isa = PBXFileReference; fileEncoding = 4; lastKnownFileType = sourcecode.swift; path = L9VC.swift; sourceTree = "<group>"; };
		26B958ED230709AE0005D793 /* L9HintVC.swift */ = {isa = PBXFileReference; fileEncoding = 4; lastKnownFileType = sourcecode.swift; path = L9HintVC.swift; sourceTree = "<group>"; };
		26B958F0230709B90005D793 /* L10VC.swift */ = {isa = PBXFileReference; fileEncoding = 4; lastKnownFileType = sourcecode.swift; path = L10VC.swift; sourceTree = "<group>"; };
		26E511292306F50900944F41 /* L4_1VC.swift */ = {isa = PBXFileReference; fileEncoding = 4; lastKnownFileType = sourcecode.swift; path = L4_1VC.swift; sourceTree = "<group>"; };
		26E5112A2306F50900944F41 /* L6VC.swift */ = {isa = PBXFileReference; fileEncoding = 4; lastKnownFileType = sourcecode.swift; path = L6VC.swift; sourceTree = "<group>"; };
		26E5112B2306F50900944F41 /* L1VC.swift */ = {isa = PBXFileReference; fileEncoding = 4; lastKnownFileType = sourcecode.swift; path = L1VC.swift; sourceTree = "<group>"; };
		26E5112C2306F50900944F41 /* L1HintVC.swift */ = {isa = PBXFileReference; fileEncoding = 4; lastKnownFileType = sourcecode.swift; path = L1HintVC.swift; sourceTree = "<group>"; };
		26E5112D2306F50900944F41 /* L2VC.swift */ = {isa = PBXFileReference; fileEncoding = 4; lastKnownFileType = sourcecode.swift; path = L2VC.swift; sourceTree = "<group>"; };
		26E5112E2306F50900944F41 /* L5VC.swift */ = {isa = PBXFileReference; fileEncoding = 4; lastKnownFileType = sourcecode.swift; path = L5VC.swift; sourceTree = "<group>"; };
		26E5112F2306F50900944F41 /* L3VC.swift */ = {isa = PBXFileReference; fileEncoding = 4; lastKnownFileType = sourcecode.swift; path = L3VC.swift; sourceTree = "<group>"; };
		26E511312306F50900944F41 /* L4VC.swift */ = {isa = PBXFileReference; fileEncoding = 4; lastKnownFileType = sourcecode.swift; path = L4VC.swift; sourceTree = "<group>"; };
		26E511322306F50900944F41 /* L6HintVC.swift */ = {isa = PBXFileReference; fileEncoding = 4; lastKnownFileType = sourcecode.swift; path = L6HintVC.swift; sourceTree = "<group>"; };
		26E80F532308477700C7F874 /* L7VC.swift */ = {isa = PBXFileReference; fileEncoding = 4; lastKnownFileType = sourcecode.swift; path = L7VC.swift; sourceTree = "<group>"; };
		26E80F552308502300C7F874 /* ViewController.swift */ = {isa = PBXFileReference; lastKnownFileType = sourcecode.swift; path = ViewController.swift; sourceTree = "<group>"; };
/* End PBXFileReference section */

/* Begin PBXFrameworksBuildPhase section */
		26954A1F2324AD020011006F /* Frameworks */ = {
			isa = PBXFrameworksBuildPhase;
			buildActionMask = 2147483647;
			files = (
			);
			runOnlyForDeploymentPostprocessing = 0;
		};
		26B1EC232304748A005824F6 /* Frameworks */ = {
			isa = PBXFrameworksBuildPhase;
			buildActionMask = 2147483647;
			files = (
			);
			runOnlyForDeploymentPostprocessing = 0;
		};
/* End PBXFrameworksBuildPhase section */

/* Begin PBXGroup section */
		2672EEF6232138FB00CC8C46 /* Sound */ = {
			isa = PBXGroup;
			children = (
				2672EEEE2321372100CC8C46 /* error.wav */,
				2672EEEB2321372000CC8C46 /* haunted.wav */,
				2672EEEC2321372100CC8C46 /* L17.mp3 */,
				2672EEED2321372100CC8C46 /* l27.wav */,
				2672EEEA2321371F00CC8C46 /* L40.mp3 */,
				2672EEE82321371F00CC8C46 /* ruzgar.wav */,
				2672EEE92321371F00CC8C46 /* success.wav */,
			);
			path = Sound;
			sourceTree = "<group>";
		};
		26954A232324AD020011006F /* Suphe UfukUITests */ = {
			isa = PBXGroup;
			children = (
				26954A242324AD020011006F /* Suphe_UfukUITests.swift */,
				26954A262324AD020011006F /* Info.plist */,
			);
			path = "Suphe UfukUITests";
			sourceTree = "<group>";
		};
		26B1EC1D2304748A005824F6 = {
			isa = PBXGroup;
			children = (
				26B1EC282304748A005824F6 /* Suphe Ufuk */,
				26954A232324AD020011006F /* Suphe UfukUITests */,
				26B1EC272304748A005824F6 /* Products */,
			);
			sourceTree = "<group>";
		};
		26B1EC272304748A005824F6 /* Products */ = {
			isa = PBXGroup;
			children = (
				26B1EC262304748A005824F6 /* Şuphe.app */,
				26954A222324AD020011006F /* Suphe UfukUITests.xctest */,
			);
			name = Products;
			sourceTree = "<group>";
		};
		26B1EC282304748A005824F6 /* Suphe Ufuk */ = {
			isa = PBXGroup;
			children = (
				26B1EC292304748A005824F6 /* AppDelegate.swift */,
				26B1EC2B2304748A005824F6 /* SceneDelegate.swift */,
				26B1EC2F2304748A005824F6 /* Main.storyboard */,
				26B1EC342304748E005824F6 /* LaunchScreen.storyboard */,
				26B1EC3F23047510005824F6 /* Classes.swift */,
				2672EEF6232138FB00CC8C46 /* Sound */,
				26E80F68230852C300C7F874 /* VCs */,
				26B1EC322304748E005824F6 /* Assets.xcassets */,
				26B1EC372304748E005824F6 /* Info.plist */,
			);
			path = "Suphe Ufuk";
			sourceTree = "<group>";
		};
		26E80F68230852C300C7F874 /* VCs */ = {
			isa = PBXGroup;
			children = (
				26E80F552308502300C7F874 /* ViewController.swift */,
				26E5112C2306F50900944F41 /* L1HintVC.swift */,
				26E5112B2306F50900944F41 /* L1VC.swift */,
				26E5112D2306F50900944F41 /* L2VC.swift */,
				26E5112F2306F50900944F41 /* L3VC.swift */,
				26E511292306F50900944F41 /* L4_1VC.swift */,
				26E511312306F50900944F41 /* L4VC.swift */,
				26E5112E2306F50900944F41 /* L5VC.swift */,
				26E511322306F50900944F41 /* L6HintVC.swift */,
				26E5112A2306F50900944F41 /* L6VC.swift */,
				26E80F532308477700C7F874 /* L7VC.swift */,
				26B958EA230709A10005D793 /* L8VC.swift */,
				26B958EC230709AD0005D793 /* L9VC.swift */,
				26B958ED230709AE0005D793 /* L9HintVC.swift */,
				26B958F0230709B90005D793 /* L10VC.swift */,
				2667EF3723241CED00C4C542 /* L11VC.swift */,
				2667EF3923241D0500C4C542 /* L12VC.swift */,
				2667EF3B23241D1400C4C542 /* L13VC.swift */,
				2667EF3D23241DC800C4C542 /* L13HintVC.swift */,
			);
			path = VCs;
			sourceTree = "<group>";
		};
/* End PBXGroup section */

/* Begin PBXNativeTarget section */
		26954A212324AD020011006F /* Suphe UfukUITests */ = {
			isa = PBXNativeTarget;
			buildConfigurationList = 26954A2B2324AD020011006F /* Build configuration list for PBXNativeTarget "Suphe UfukUITests" */;
			buildPhases = (
				26954A1E2324AD020011006F /* Sources */,
				26954A1F2324AD020011006F /* Frameworks */,
				26954A202324AD020011006F /* Resources */,
			);
			buildRules = (
			);
			dependencies = (
				26954A282324AD020011006F /* PBXTargetDependency */,
			);
			name = "Suphe UfukUITests";
			productName = "Suphe UfukUITests";
			productReference = 26954A222324AD020011006F /* Suphe UfukUITests.xctest */;
			productType = "com.apple.product-type.bundle.ui-testing";
		};
		26B1EC252304748A005824F6 /* Suphe Ufuk */ = {
			isa = PBXNativeTarget;
			buildConfigurationList = 26B1EC3A2304748E005824F6 /* Build configuration list for PBXNativeTarget "Suphe Ufuk" */;
			buildPhases = (
				26B1EC222304748A005824F6 /* Sources */,
				26B1EC232304748A005824F6 /* Frameworks */,
				26B1EC242304748A005824F6 /* Resources */,
			);
			buildRules = (
			);
			dependencies = (
			);
			name = "Suphe Ufuk";
			productName = "Suphe Ufuk";
			productReference = 26B1EC262304748A005824F6 /* Şuphe.app */;
			productType = "com.apple.product-type.application";
		};
/* End PBXNativeTarget section */

/* Begin PBXProject section */
		26B1EC1E2304748A005824F6 /* Project object */ = {
			isa = PBXProject;
			attributes = {
				LastSwiftUpdateCheck = 1100;
				LastUpgradeCheck = 1100;
				ORGANIZATIONNAME = "Ufuk Celen";
				TargetAttributes = {
					26954A212324AD020011006F = {
						CreatedOnToolsVersion = 11.0;
						TestTargetID = 26B1EC252304748A005824F6;
					};
					26B1EC252304748A005824F6 = {
						CreatedOnToolsVersion = 11.0;
					};
				};
			};
			buildConfigurationList = 26B1EC212304748A005824F6 /* Build configuration list for PBXProject "Suphe Ufuk" */;
			compatibilityVersion = "Xcode 9.3";
			developmentRegion = en;
			hasScannedForEncodings = 0;
			knownRegions = (
				en,
				Base,
			);
			mainGroup = 26B1EC1D2304748A005824F6;
			productRefGroup = 26B1EC272304748A005824F6 /* Products */;
			projectDirPath = "";
			projectRoot = "";
			targets = (
				26B1EC252304748A005824F6 /* Suphe Ufuk */,
				26954A212324AD020011006F /* Suphe UfukUITests */,
			);
		};
/* End PBXProject section */

/* Begin PBXResourcesBuildPhase section */
		26954A202324AD020011006F /* Resources */ = {
			isa = PBXResourcesBuildPhase;
			buildActionMask = 2147483647;
			files = (
			);
			runOnlyForDeploymentPostprocessing = 0;
		};
		26B1EC242304748A005824F6 /* Resources */ = {
			isa = PBXResourcesBuildPhase;
			buildActionMask = 2147483647;
			files = (
				2672EEF42321372200CC8C46 /* l27.wav in Resources */,
				2672EEF02321372200CC8C46 /* success.wav in Resources */,
				2672EEF32321372200CC8C46 /* L17.mp3 in Resources */,
				2672EEF22321372200CC8C46 /* haunted.wav in Resources */,
				26B1EC362304748E005824F6 /* LaunchScreen.storyboard in Resources */,
				2672EEEF2321372200CC8C46 /* ruzgar.wav in Resources */,
				2672EEF12321372200CC8C46 /* L40.mp3 in Resources */,
				2672EEF52321372200CC8C46 /* error.wav in Resources */,
				26B1EC332304748E005824F6 /* Assets.xcassets in Resources */,
				26B1EC312304748A005824F6 /* Main.storyboard in Resources */,
			);
			runOnlyForDeploymentPostprocessing = 0;
		};
/* End PBXResourcesBuildPhase section */

/* Begin PBXSourcesBuildPhase section */
		26954A1E2324AD020011006F /* Sources */ = {
			isa = PBXSourcesBuildPhase;
			buildActionMask = 2147483647;
			files = (
				26954A252324AD020011006F /* Suphe_UfukUITests.swift in Sources */,
			);
			runOnlyForDeploymentPostprocessing = 0;
		};
		26B1EC222304748A005824F6 /* Sources */ = {
			isa = PBXSourcesBuildPhase;
			buildActionMask = 2147483647;
			files = (
				2667EF3823241CED00C4C542 /* L11VC.swift in Sources */,
				26E511352306F50900944F41 /* L1VC.swift in Sources */,
				26E5113C2306F50900944F41 /* L6HintVC.swift in Sources */,
				26B958EB230709A20005D793 /* L8VC.swift in Sources */,
				2667EF3C23241D1400C4C542 /* L13VC.swift in Sources */,
				26B958EE230709AE0005D793 /* L9VC.swift in Sources */,
				2667EF3E23241DC800C4C542 /* L13HintVC.swift in Sources */,
				26E511382306F50900944F41 /* L5VC.swift in Sources */,
				26B1EC4023047510005824F6 /* Classes.swift in Sources */,
				26B958EF230709AE0005D793 /* L9HintVC.swift in Sources */,
				26E511362306F50900944F41 /* L1HintVC.swift in Sources */,
				26E511372306F50900944F41 /* L2VC.swift in Sources */,
				26E511342306F50900944F41 /* L6VC.swift in Sources */,
				26B1EC2A2304748A005824F6 /* AppDelegate.swift in Sources */,
				26B958F1230709B90005D793 /* L10VC.swift in Sources */,
				26E80F562308502300C7F874 /* ViewController.swift in Sources */,
				2667EF3A23241D0500C4C542 /* L12VC.swift in Sources */,
				26E511392306F50900944F41 /* L3VC.swift in Sources */,
				26E511332306F50900944F41 /* L4_1VC.swift in Sources */,
				26E80F542308477700C7F874 /* L7VC.swift in Sources */,
				26E5113B2306F50900944F41 /* L4VC.swift in Sources */,
				26B1EC2C2304748A005824F6 /* SceneDelegate.swift in Sources */,
			);
			runOnlyForDeploymentPostprocessing = 0;
		};
/* End PBXSourcesBuildPhase section */

/* Begin PBXTargetDependency section */
		26954A282324AD020011006F /* PBXTargetDependency */ = {
			isa = PBXTargetDependency;
			target = 26B1EC252304748A005824F6 /* Suphe Ufuk */;
			targetProxy = 26954A272324AD020011006F /* PBXContainerItemProxy */;
		};
/* End PBXTargetDependency section */

/* Begin PBXVariantGroup section */
		26B1EC2F2304748A005824F6 /* Main.storyboard */ = {
			isa = PBXVariantGroup;
			children = (
				26B1EC302304748A005824F6 /* Base */,
			);
			name = Main.storyboard;
			sourceTree = "<group>";
		};
		26B1EC342304748E005824F6 /* LaunchScreen.storyboard */ = {
			isa = PBXVariantGroup;
			children = (
				26B1EC352304748E005824F6 /* Base */,
			);
			name = LaunchScreen.storyboard;
			sourceTree = "<group>";
		};
/* End PBXVariantGroup section */

/* Begin XCBuildConfiguration section */
		26954A292324AD020011006F /* Debug */ = {
			isa = XCBuildConfiguration;
			buildSettings = {
				CODE_SIGN_STYLE = Automatic;
				DEVELOPMENT_TEAM = E4A5J638QN;
				INFOPLIST_FILE = "Suphe UfukUITests/Info.plist";
				LD_RUNPATH_SEARCH_PATHS = (
					"$(inherited)",
					"@executable_path/Frameworks",
					"@loader_path/Frameworks",
				);
				PRODUCT_BUNDLE_IDENTIFIER = "Golge.Suphe-UfukUITests";
				PRODUCT_NAME = "$(TARGET_NAME)";
				SWIFT_VERSION = 5.0;
				TARGETED_DEVICE_FAMILY = "1,2";
				TEST_TARGET_NAME = "Suphe Ufuk";
			};
			name = Debug;
		};
		26954A2A2324AD020011006F /* Release */ = {
			isa = XCBuildConfiguration;
			buildSettings = {
				CODE_SIGN_STYLE = Automatic;
				DEVELOPMENT_TEAM = E4A5J638QN;
				INFOPLIST_FILE = "Suphe UfukUITests/Info.plist";
				LD_RUNPATH_SEARCH_PATHS = (
					"$(inherited)",
					"@executable_path/Frameworks",
					"@loader_path/Frameworks",
				);
				PRODUCT_BUNDLE_IDENTIFIER = "Golge.Suphe-UfukUITests";
				PRODUCT_NAME = "$(TARGET_NAME)";
				SWIFT_VERSION = 5.0;
				TARGETED_DEVICE_FAMILY = "1,2";
				TEST_TARGET_NAME = "Suphe Ufuk";
			};
			name = Release;
		};
		26B1EC382304748E005824F6 /* Debug */ = {
			isa = XCBuildConfiguration;
			buildSettings = {
				ALWAYS_SEARCH_USER_PATHS = NO;
				CLANG_ANALYZER_NONNULL = YES;
				CLANG_ANALYZER_NUMBER_OBJECT_CONVERSION = YES_AGGRESSIVE;
				CLANG_CXX_LANGUAGE_STANDARD = "gnu++14";
				CLANG_CXX_LIBRARY = "libc++";
				CLANG_ENABLE_MODULES = YES;
				CLANG_ENABLE_OBJC_ARC = YES;
				CLANG_ENABLE_OBJC_WEAK = YES;
				CLANG_WARN_BLOCK_CAPTURE_AUTORELEASING = YES;
				CLANG_WARN_BOOL_CONVERSION = YES;
				CLANG_WARN_COMMA = YES;
				CLANG_WARN_CONSTANT_CONVERSION = YES;
				CLANG_WARN_DEPRECATED_OBJC_IMPLEMENTATIONS = YES;
				CLANG_WARN_DIRECT_OBJC_ISA_USAGE = YES_ERROR;
				CLANG_WARN_DOCUMENTATION_COMMENTS = YES;
				CLANG_WARN_EMPTY_BODY = YES;
				CLANG_WARN_ENUM_CONVERSION = YES;
				CLANG_WARN_INFINITE_RECURSION = YES;
				CLANG_WARN_INT_CONVERSION = YES;
				CLANG_WARN_NON_LITERAL_NULL_CONVERSION = YES;
				CLANG_WARN_OBJC_IMPLICIT_RETAIN_SELF = YES;
				CLANG_WARN_OBJC_LITERAL_CONVERSION = YES;
				CLANG_WARN_OBJC_ROOT_CLASS = YES_ERROR;
				CLANG_WARN_RANGE_LOOP_ANALYSIS = YES;
				CLANG_WARN_STRICT_PROTOTYPES = YES;
				CLANG_WARN_SUSPICIOUS_MOVE = YES;
				CLANG_WARN_UNGUARDED_AVAILABILITY = YES_AGGRESSIVE;
				CLANG_WARN_UNREACHABLE_CODE = YES;
				CLANG_WARN__DUPLICATE_METHOD_MATCH = YES;
				COPY_PHASE_STRIP = NO;
				DEBUG_INFORMATION_FORMAT = dwarf;
				ENABLE_STRICT_OBJC_MSGSEND = YES;
				ENABLE_TESTABILITY = YES;
				GCC_C_LANGUAGE_STANDARD = gnu11;
				GCC_DYNAMIC_NO_PIC = NO;
				GCC_NO_COMMON_BLOCKS = YES;
				GCC_OPTIMIZATION_LEVEL = 0;
				GCC_PREPROCESSOR_DEFINITIONS = (
					"DEBUG=1",
					"$(inherited)",
				);
				GCC_WARN_64_TO_32_BIT_CONVERSION = YES;
				GCC_WARN_ABOUT_RETURN_TYPE = YES_ERROR;
				GCC_WARN_UNDECLARED_SELECTOR = YES;
				GCC_WARN_UNINITIALIZED_AUTOS = YES_AGGRESSIVE;
				GCC_WARN_UNUSED_FUNCTION = YES;
				GCC_WARN_UNUSED_VARIABLE = YES;
				IPHONEOS_DEPLOYMENT_TARGET = 13.0;
				MTL_ENABLE_DEBUG_INFO = INCLUDE_SOURCE;
				MTL_FAST_MATH = YES;
				ONLY_ACTIVE_ARCH = YES;
				SDKROOT = iphoneos;
				SWIFT_ACTIVE_COMPILATION_CONDITIONS = DEBUG;
				SWIFT_OPTIMIZATION_LEVEL = "-Onone";
			};
			name = Debug;
		};
		26B1EC392304748E005824F6 /* Release */ = {
			isa = XCBuildConfiguration;
			buildSettings = {
				ALWAYS_SEARCH_USER_PATHS = NO;
				CLANG_ANALYZER_NONNULL = YES;
				CLANG_ANALYZER_NUMBER_OBJECT_CONVERSION = YES_AGGRESSIVE;
				CLANG_CXX_LANGUAGE_STANDARD = "gnu++14";
				CLANG_CXX_LIBRARY = "libc++";
				CLANG_ENABLE_MODULES = YES;
				CLANG_ENABLE_OBJC_ARC = YES;
				CLANG_ENABLE_OBJC_WEAK = YES;
				CLANG_WARN_BLOCK_CAPTURE_AUTORELEASING = YES;
				CLANG_WARN_BOOL_CONVERSION = YES;
				CLANG_WARN_COMMA = YES;
				CLANG_WARN_CONSTANT_CONVERSION = YES;
				CLANG_WARN_DEPRECATED_OBJC_IMPLEMENTATIONS = YES;
				CLANG_WARN_DIRECT_OBJC_ISA_USAGE = YES_ERROR;
				CLANG_WARN_DOCUMENTATION_COMMENTS = YES;
				CLANG_WARN_EMPTY_BODY = YES;
				CLANG_WARN_ENUM_CONVERSION = YES;
				CLANG_WARN_INFINITE_RECURSION = YES;
				CLANG_WARN_INT_CONVERSION = YES;
				CLANG_WARN_NON_LITERAL_NULL_CONVERSION = YES;
				CLANG_WARN_OBJC_IMPLICIT_RETAIN_SELF = YES;
				CLANG_WARN_OBJC_LITERAL_CONVERSION = YES;
				CLANG_WARN_OBJC_ROOT_CLASS = YES_ERROR;
				CLANG_WARN_RANGE_LOOP_ANALYSIS = YES;
				CLANG_WARN_STRICT_PROTOTYPES = YES;
				CLANG_WARN_SUSPICIOUS_MOVE = YES;
				CLANG_WARN_UNGUARDED_AVAILABILITY = YES_AGGRESSIVE;
				CLANG_WARN_UNREACHABLE_CODE = YES;
				CLANG_WARN__DUPLICATE_METHOD_MATCH = YES;
				COPY_PHASE_STRIP = NO;
				DEBUG_INFORMATION_FORMAT = "dwarf-with-dsym";
				ENABLE_NS_ASSERTIONS = NO;
				ENABLE_STRICT_OBJC_MSGSEND = YES;
				GCC_C_LANGUAGE_STANDARD = gnu11;
				GCC_NO_COMMON_BLOCKS = YES;
				GCC_WARN_64_TO_32_BIT_CONVERSION = YES;
				GCC_WARN_ABOUT_RETURN_TYPE = YES_ERROR;
				GCC_WARN_UNDECLARED_SELECTOR = YES;
				GCC_WARN_UNINITIALIZED_AUTOS = YES_AGGRESSIVE;
				GCC_WARN_UNUSED_FUNCTION = YES;
				GCC_WARN_UNUSED_VARIABLE = YES;
				IPHONEOS_DEPLOYMENT_TARGET = 13.0;
				MTL_ENABLE_DEBUG_INFO = NO;
				MTL_FAST_MATH = YES;
				SDKROOT = iphoneos;
				SWIFT_COMPILATION_MODE = wholemodule;
				SWIFT_OPTIMIZATION_LEVEL = "-O";
				VALIDATE_PRODUCT = YES;
			};
			name = Release;
		};
		26B1EC3B2304748E005824F6 /* Debug */ = {
			isa = XCBuildConfiguration;
			buildSettings = {
				ASSETCATALOG_COMPILER_APPICON_NAME = AppIcon;
				CODE_SIGN_STYLE = Automatic;
				CURRENT_PROJECT_VERSION = 2;
				DEVELOPMENT_TEAM = E4A5J638QN;
				INFOPLIST_FILE = "Suphe Ufuk/Info.plist";
				IPHONEOS_DEPLOYMENT_TARGET = 13.0;
				LD_RUNPATH_SEARCH_PATHS = (
					"$(inherited)",
					"@executable_path/Frameworks",
				);
				MARKETING_VERSION = 1.1;
				PRODUCT_BUNDLE_IDENTIFIER = idepark.SupUfuk7767;
				PRODUCT_NAME = "Şuphe";
				SWIFT_VERSION = 5.0;
				TARGETED_DEVICE_FAMILY = 1;
			};
			name = Debug;
		};
		26B1EC3C2304748E005824F6 /* Release */ = {
			isa = XCBuildConfiguration;
			buildSettings = {
				ASSETCATALOG_COMPILER_APPICON_NAME = AppIcon;
				CODE_SIGN_STYLE = Automatic;
				CURRENT_PROJECT_VERSION = 2;
				DEVELOPMENT_TEAM = E4A5J638QN;
				INFOPLIST_FILE = "Suphe Ufuk/Info.plist";
				IPHONEOS_DEPLOYMENT_TARGET = 13.0;
				LD_RUNPATH_SEARCH_PATHS = (
					"$(inherited)",
					"@executable_path/Frameworks",
				);
				MARKETING_VERSION = 1.1;
				PRODUCT_BUNDLE_IDENTIFIER = idepark.SupUfuk7767;
				PRODUCT_NAME = "Şuphe";
				SWIFT_VERSION = 5.0;
				TARGETED_DEVICE_FAMILY = 1;
			};
			name = Release;
		};
/* End XCBuildConfiguration section */

/* Begin XCConfigurationList section */
		26954A2B2324AD020011006F /* Build configuration list for PBXNativeTarget "Suphe UfukUITests" */ = {
			isa = XCConfigurationList;
			buildConfigurations = (
				26954A292324AD020011006F /* Debug */,
				26954A2A2324AD020011006F /* Release */,
			);
			defaultConfigurationIsVisible = 0;
			defaultConfigurationName = Release;
		};
		26B1EC212304748A005824F6 /* Build configuration list for PBXProject "Suphe Ufuk" */ = {
			isa = XCConfigurationList;
			buildConfigurations = (
				26B1EC382304748E005824F6 /* Debug */,
				26B1EC392304748E005824F6 /* Release */,
			);
			defaultConfigurationIsVisible = 0;
			defaultConfigurationName = Release;
		};
		26B1EC3A2304748E005824F6 /* Build configuration list for PBXNativeTarget "Suphe Ufuk" */ = {
			isa = XCConfigurationList;
			buildConfigurations = (
				26B1EC3B2304748E005824F6 /* Debug */,
				26B1EC3C2304748E005824F6 /* Release */,
			);
			defaultConfigurationIsVisible = 0;
			defaultConfigurationName = Release;
		};
/* End XCConfigurationList section */
	};
	rootObject = 26B1EC1E2304748A005824F6 /* Project object */;
}
